
Microsoft Visual Studio Solution File, Format Version 12.00
# Visual Studio 15
VisualStudioVersion = 15.0.28307.421
MinimumVisualStudioVersion = 10.0.40219.1
Project("{FAE04EC0-301F-11D3-BF4B-00C04F79EFBC}") = "JeromeBotCore", "JeromeBotCore\JeromeBotCore.csproj", "{A448B583-2687-4966-874F-726F7199BF00}"
EndProject
Global
	GlobalSection(SolutionConfigurationPlatforms) = preSolution
		Debug|Any CPU = Debug|Any CPU
		Release|Any CPU = Release|Any CPU
	EndGlobalSection
	GlobalSection(ProjectConfigurationPlatforms) = postSolution
		{A448B583-2687-4966-874F-726F7199BF00}.Debug|Any CPU.ActiveCfg = Debug|Any CPU
		{A448B583-2687-4966-874F-726F7199BF00}.Debug|Any CPU.Build.0 = Debug|Any CPU
		{A448B583-2687-4966-874F-726F7199BF00}.Release|Any CPU.ActiveCfg = Release|Any CPU
		{A448B583-2687-4966-874F-726F7199BF00}.Release|Any CPU.Build.0 = Release|Any CPU
	EndGlobalSection
	GlobalSection(SolutionProperties) = preSolution
		HideSolutionNode = FALSE
	EndGlobalSection
	GlobalSection(ExtensibilityGlobals) = postSolution
		SolutionGuid = {8E436940-F26A-4A1A-BAF5-F832EFDD5312}
	EndGlobalSection
EndGlobal
