
Microsoft Visual Studio Solution File, Format Version 12.00
# Visual Studio 15
VisualStudioVersion = 15.0.28307.421
MinimumVisualStudioVersion = 10.0.40219.1
Project("{FAE04EC0-301F-11D3-BF4B-00C04F79EFBC}") = "JeromeBot", "JeromeBot\JeromeBot.csproj", "{4284DF3F-4987-430A-8E2C-4D4E63B66E55}"
EndProject
Global
	GlobalSection(SolutionConfigurationPlatforms) = preSolution
		Debug|Any CPU = Debug|Any CPU
		Release|Any CPU = Release|Any CPU
	EndGlobalSection
	GlobalSection(ProjectConfigurationPlatforms) = postSolution
		{4284DF3F-4987-430A-8E2C-4D4E63B66E55}.Debug|Any CPU.ActiveCfg = Debug|Any CPU
		{4284DF3F-4987-430A-8E2C-4D4E63B66E55}.Debug|Any CPU.Build.0 = Debug|Any CPU
		{4284DF3F-4987-430A-8E2C-4D4E63B66E55}.Release|Any CPU.ActiveCfg = Release|Any CPU
		{4284DF3F-4987-430A-8E2C-4D4E63B66E55}.Release|Any CPU.Build.0 = Release|Any CPU
	EndGlobalSection
	GlobalSection(SolutionProperties) = preSolution
		HideSolutionNode = FALSE
	EndGlobalSection
	GlobalSection(ExtensibilityGlobals) = postSolution
		SolutionGuid = {22CD9F1D-5DB5-4301-8D2E-EFC106B9B8AA}
	EndGlobalSection
EndGlobal
